// !$*UTF8*$!
{
	archiveVersion = 1;
	classes = {
	};
	objectVersion = 56;
	objects = {

/* Begin PBXBuildFile section */
		D3027AD52AFCB79B00A3BCE3 /* ProductListViewController.swift in Sources */ = {isa = PBXBuildFile; fileRef = D3027AD42AFCB79B00A3BCE3 /* ProductListViewController.swift */; };
		D30A6BAC2CD11F76003AC00A /* UIView-Shimmer in Frameworks */ = {isa = PBXBuildFile; productRef = D30A6BAB2CD11F76003AC00A /* UIView-Shimmer */; };
		D30A6BAE2CD1208E003AC00A /* SettingViewController.swift in Sources */ = {isa = PBXBuildFile; fileRef = D30A6BAD2CD1208E003AC00A /* SettingViewController.swift */; };
		D30A6BB02CD130EC003AC00A /* CalculationViewController.swift in Sources */ = {isa = PBXBuildFile; fileRef = D30A6BAF2CD130EC003AC00A /* CalculationViewController.swift */; };
		D30A6BB22CD32339003AC00A /* ProductDetailViewController.swift in Sources */ = {isa = PBXBuildFile; fileRef = D30A6BB12CD32339003AC00A /* ProductDetailViewController.swift */; };
		D30A6BB42CD32AAC003AC00A /* SettingTableViewCell.swift in Sources */ = {isa = PBXBuildFile; fileRef = D30A6BB32CD32AAC003AC00A /* SettingTableViewCell.swift */; };
		D30A6BB62CD346F8003AC00A /* PaddingLabel.swift in Sources */ = {isa = PBXBuildFile; fileRef = D30A6BB52CD346F8003AC00A /* PaddingLabel.swift */; };
		D30A6BB82CD34CC5003AC00A /* MainTabBarViewController.swift in Sources */ = {isa = PBXBuildFile; fileRef = D30A6BB72CD34CC5003AC00A /* MainTabBarViewController.swift */; };
		D30A6BBB2CD34F95003AC00A /* ESTabBarController in Frameworks */ = {isa = PBXBuildFile; productRef = D30A6BBA2CD34F95003AC00A /* ESTabBarController */; };
		D30A6BBD2CD36E12003AC00A /* LaunchSceenViewController.swift in Sources */ = {isa = PBXBuildFile; fileRef = D30A6BBC2CD36E12003AC00A /* LaunchSceenViewController.swift */; };
		D30A6BBF2CD36F13003AC00A /* ConfirmButton.swift in Sources */ = {isa = PBXBuildFile; fileRef = D30A6BBE2CD36F13003AC00A /* ConfirmButton.swift */; };
		D389120B2CFB6A470043295A /* IQKeyboardManagerSwift in Frameworks */ = {isa = PBXBuildFile; productRef = D389120A2CFB6A470043295A /* IQKeyboardManagerSwift */; };
		D399A8252CC568430074738D /* PrivateData.swift in Sources */ = {isa = PBXBuildFile; fileRef = D399A8242CC568430074738D /* PrivateData.swift */; };
		D399A8282CC569FF0074738D /* Lottie in Frameworks */ = {isa = PBXBuildFile; productRef = D399A8272CC569FF0074738D /* Lottie */; };
		D399C3AE2BFA257600DBBC78 /* Images.swift in Sources */ = {isa = PBXBuildFile; fileRef = D399C3AD2BFA257600DBBC78 /* Images.swift */; };
		D3A1F8312CD671E40035AF93 /* CartViewController.swift in Sources */ = {isa = PBXBuildFile; fileRef = D3A1F8302CD671E40035AF93 /* CartViewController.swift */; };
		D3A1F8332CD7D3660035AF93 /* ProductImageCell.swift in Sources */ = {isa = PBXBuildFile; fileRef = D3A1F8322CD7D3660035AF93 /* ProductImageCell.swift */; };
		D3A1F8352CD7D8DB0035AF93 /* ProductQuantityCell.swift in Sources */ = {isa = PBXBuildFile; fileRef = D3A1F8342CD7D8DB0035AF93 /* ProductQuantityCell.swift */; };
		D3B30BD32CE859FB001F2484 /* ProductInfoCell.swift in Sources */ = {isa = PBXBuildFile; fileRef = D3B30BD22CE859FB001F2484 /* ProductInfoCell.swift */; };
		D3D6CB8F2CF76EA80019CBA5 /* Localizable.strings in Resources */ = {isa = PBXBuildFile; fileRef = D3D6CB912CF76EA80019CBA5 /* Localizable.strings */; };
		D3D6CB942CF772130019CBA5 /* LoginViewController.swift in Sources */ = {isa = PBXBuildFile; fileRef = D3D6CB932CF772130019CBA5 /* LoginViewController.swift */; };
		D3D6CB972CF8B6620019CBA5 /* AlertManager.swift in Sources */ = {isa = PBXBuildFile; fileRef = D3D6CB962CF8B6620019CBA5 /* AlertManager.swift */; };
		D3D6CB9A2CF8B8470019CBA5 /* ViewModel.swift in Sources */ = {isa = PBXBuildFile; fileRef = D3D6CB992CF8B8470019CBA5 /* ViewModel.swift */; };
		D3D6CB9D2CF8BE120019CBA5 /* NetworkManager.swift in Sources */ = {isa = PBXBuildFile; fileRef = D3D6CB9C2CF8BE120019CBA5 /* NetworkManager.swift */; };
		D3D6CB9F2CFA13BE0019CBA5 /* AnimatedGearView.swift in Sources */ = {isa = PBXBuildFile; fileRef = D3D6CB9E2CFA13BD0019CBA5 /* AnimatedGearView.swift */; };
		D3D6CBA12CFA25700019CBA5 /* RegisterViewController.swift in Sources */ = {isa = PBXBuildFile; fileRef = D3D6CBA02CFA25700019CBA5 /* RegisterViewController.swift */; };
		D3D6CBAE2CFAB12F0019CBA5 /* GoogleService-Info.plist in Resources */ = {isa = PBXBuildFile; fileRef = D3D6CBAD2CFAB12F0019CBA5 /* GoogleService-Info.plist */; };
		D3D6CBB22CFAB2DA0019CBA5 /* FirebaseAnalytics in Frameworks */ = {isa = PBXBuildFile; productRef = D3D6CBB12CFAB2DA0019CBA5 /* FirebaseAnalytics */; };
		D3D6CBB42CFAB2DA0019CBA5 /* FirebaseAnalyticsOnDeviceConversion in Frameworks */ = {isa = PBXBuildFile; productRef = D3D6CBB32CFAB2DA0019CBA5 /* FirebaseAnalyticsOnDeviceConversion */; };
		D3D6CBB62CFAB2DA0019CBA5 /* FirebaseAnalyticsWithoutAdIdSupport in Frameworks */ = {isa = PBXBuildFile; productRef = D3D6CBB52CFAB2DA0019CBA5 /* FirebaseAnalyticsWithoutAdIdSupport */; };
		D3D6CBB82CFAB2DA0019CBA5 /* FirebaseAppCheck in Frameworks */ = {isa = PBXBuildFile; productRef = D3D6CBB72CFAB2DA0019CBA5 /* FirebaseAppCheck */; };
		D3D6CBBA2CFAB2DA0019CBA5 /* FirebaseAppDistribution-Beta in Frameworks */ = {isa = PBXBuildFile; productRef = D3D6CBB92CFAB2DA0019CBA5 /* FirebaseAppDistribution-Beta */; };
		D3D6CBBD2CFAB3AB0019CBA5 /* FirebaseAuth in Frameworks */ = {isa = PBXBuildFile; productRef = D3D6CBBC2CFAB3AB0019CBA5 /* FirebaseAuth */; };
		D3D6CBBF2CFAB3AB0019CBA5 /* FirebaseAuthCombine-Community in Frameworks */ = {isa = PBXBuildFile; productRef = D3D6CBBE2CFAB3AB0019CBA5 /* FirebaseAuthCombine-Community */; };
		D3D6CBC52CFADEE60019CBA5 /* PersonalAnimatedView.swift in Sources */ = {isa = PBXBuildFile; fileRef = D3D6CBC42CFADEE60019CBA5 /* PersonalAnimatedView.swift */; };
		D3D6CBC72CFB57F10019CBA5 /* ProductTableViewCell.swift in Sources */ = {isa = PBXBuildFile; fileRef = D3D6CBC62CFB57F10019CBA5 /* ProductTableViewCell.swift */; };
		D3E2B6822AFB7E9D00C932E7 /* AppDelegate.swift in Sources */ = {isa = PBXBuildFile; fileRef = D3E2B6812AFB7E9D00C932E7 /* AppDelegate.swift */; };
		D3E2B6842AFB7E9D00C932E7 /* SceneDelegate.swift in Sources */ = {isa = PBXBuildFile; fileRef = D3E2B6832AFB7E9D00C932E7 /* SceneDelegate.swift */; };
		D3E2B68B2AFB7E9F00C932E7 /* Assets.xcassets in Resources */ = {isa = PBXBuildFile; fileRef = D3E2B68A2AFB7E9F00C932E7 /* Assets.xcassets */; };
		D3E2B68E2AFB7E9F00C932E7 /* LaunchScreen.storyboard in Resources */ = {isa = PBXBuildFile; fileRef = D3E2B68C2AFB7E9F00C932E7 /* LaunchScreen.storyboard */; };
		D3E2B6992AFB7E9F00C932E7 /* IMS_InventoryTests.swift in Sources */ = {isa = PBXBuildFile; fileRef = D3E2B6982AFB7E9F00C932E7 /* IMS_InventoryTests.swift */; };
		D3E2B6A32AFB7E9F00C932E7 /* IMS_InventoryUITests.swift in Sources */ = {isa = PBXBuildFile; fileRef = D3E2B6A22AFB7E9F00C932E7 /* IMS_InventoryUITests.swift */; };
		D3E2B6A52AFB7E9F00C932E7 /* IMS_InventoryUITestsLaunchTests.swift in Sources */ = {isa = PBXBuildFile; fileRef = D3E2B6A42AFB7E9F00C932E7 /* IMS_InventoryUITestsLaunchTests.swift */; };
		D3E2EF152CFDDF7E009A2E03 /* CartTableViewCell.swift in Sources */ = {isa = PBXBuildFile; fileRef = D3E2EF142CFDDF7E009A2E03 /* CartTableViewCell.swift */; };
		D3E2EF172CFE07E6009A2E03 /* DateTableViewCell.swift in Sources */ = {isa = PBXBuildFile; fileRef = D3E2EF162CFE07E6009A2E03 /* DateTableViewCell.swift */; };
		D3E2EF192CFF4515009A2E03 /* StatusTableViewCell.swift in Sources */ = {isa = PBXBuildFile; fileRef = D3E2EF182CFF4515009A2E03 /* StatusTableViewCell.swift */; };
		D3EDD7402CFC016D000999E8 /* Constants.swift in Sources */ = {isa = PBXBuildFile; fileRef = D3EDD73F2CFC016D000999E8 /* Constants.swift */; };
		D3EDD7492CFCC5B1000999E8 /* CustomNavigationTitleView.swift in Sources */ = {isa = PBXBuildFile; fileRef = D3EDD7482CFCC5B1000999E8 /* CustomNavigationTitleView.swift */; };
		D3FADE272BF8478F00185477 /* Kingfisher in Frameworks */ = {isa = PBXBuildFile; productRef = D3FADE262BF8478F00185477 /* Kingfisher */; };
		D3FADE2B2BF8596C00185477 /* Colors.swift in Sources */ = {isa = PBXBuildFile; fileRef = D3FADE2A2BF8596C00185477 /* Colors.swift */; };
		D3FADE2D2BF85D5D00185477 /* ProductModel.swift in Sources */ = {isa = PBXBuildFile; fileRef = D3FADE2C2BF85D5D00185477 /* ProductModel.swift */; };
/* End PBXBuildFile section */

/* Begin PBXContainerItemProxy section */
		D3E2B6952AFB7E9F00C932E7 /* PBXContainerItemProxy */ = {
			isa = PBXContainerItemProxy;
			containerPortal = D3E2B6762AFB7E9D00C932E7 /* Project object */;
			proxyType = 1;
			remoteGlobalIDString = D3E2B67D2AFB7E9D00C932E7;
			remoteInfo = "IMS-Inventory";
		};
		D3E2B69F2AFB7E9F00C932E7 /* PBXContainerItemProxy */ = {
			isa = PBXContainerItemProxy;
			containerPortal = D3E2B6762AFB7E9D00C932E7 /* Project object */;
			proxyType = 1;
			remoteGlobalIDString = D3E2B67D2AFB7E9D00C932E7;
			remoteInfo = "IMS-Inventory";
		};
/* End PBXContainerItemProxy section */

/* Begin PBXFileReference section */
		D3027AD42AFCB79B00A3BCE3 /* ProductListViewController.swift */ = {isa = PBXFileReference; lastKnownFileType = sourcecode.swift; path = ProductListViewController.swift; sourceTree = "<group>"; };
		D30A6BAD2CD1208E003AC00A /* SettingViewController.swift */ = {isa = PBXFileReference; lastKnownFileType = sourcecode.swift; path = SettingViewController.swift; sourceTree = "<group>"; };
		D30A6BAF2CD130EC003AC00A /* CalculationViewController.swift */ = {isa = PBXFileReference; lastKnownFileType = sourcecode.swift; path = CalculationViewController.swift; sourceTree = "<group>"; };
		D30A6BB12CD32339003AC00A /* ProductDetailViewController.swift */ = {isa = PBXFileReference; lastKnownFileType = sourcecode.swift; path = ProductDetailViewController.swift; sourceTree = "<group>"; };
		D30A6BB32CD32AAC003AC00A /* SettingTableViewCell.swift */ = {isa = PBXFileReference; lastKnownFileType = sourcecode.swift; path = SettingTableViewCell.swift; sourceTree = "<group>"; };
		D30A6BB52CD346F8003AC00A /* PaddingLabel.swift */ = {isa = PBXFileReference; lastKnownFileType = sourcecode.swift; path = PaddingLabel.swift; sourceTree = "<group>"; };
		D30A6BB72CD34CC5003AC00A /* MainTabBarViewController.swift */ = {isa = PBXFileReference; lastKnownFileType = sourcecode.swift; path = MainTabBarViewController.swift; sourceTree = "<group>"; };
		D30A6BBC2CD36E12003AC00A /* LaunchSceenViewController.swift */ = {isa = PBXFileReference; lastKnownFileType = sourcecode.swift; path = LaunchSceenViewController.swift; sourceTree = "<group>"; };
		D30A6BBE2CD36F13003AC00A /* ConfirmButton.swift */ = {isa = PBXFileReference; lastKnownFileType = sourcecode.swift; path = ConfirmButton.swift; sourceTree = "<group>"; };
		D399A8242CC568430074738D /* PrivateData.swift */ = {isa = PBXFileReference; lastKnownFileType = sourcecode.swift; path = PrivateData.swift; sourceTree = "<group>"; };
		D399C3AD2BFA257600DBBC78 /* Images.swift */ = {isa = PBXFileReference; lastKnownFileType = sourcecode.swift; path = Images.swift; sourceTree = "<group>"; };
		D3A1F8302CD671E40035AF93 /* CartViewController.swift */ = {isa = PBXFileReference; lastKnownFileType = sourcecode.swift; path = CartViewController.swift; sourceTree = "<group>"; };
		D3A1F8322CD7D3660035AF93 /* ProductImageCell.swift */ = {isa = PBXFileReference; lastKnownFileType = sourcecode.swift; path = ProductImageCell.swift; sourceTree = "<group>"; };
		D3A1F8342CD7D8DB0035AF93 /* ProductQuantityCell.swift */ = {isa = PBXFileReference; lastKnownFileType = sourcecode.swift; path = ProductQuantityCell.swift; sourceTree = "<group>"; };
		D3B30BD22CE859FB001F2484 /* ProductInfoCell.swift */ = {isa = PBXFileReference; lastKnownFileType = sourcecode.swift; path = ProductInfoCell.swift; sourceTree = "<group>"; };
		D3D6CB862CF76D2D0019CBA5 /* zh-Hant */ = {isa = PBXFileReference; lastKnownFileType = text.plist.strings; name = "zh-Hant"; path = "zh-Hant.lproj/LaunchScreen.strings"; sourceTree = "<group>"; };
		D3D6CB902CF76EA80019CBA5 /* en */ = {isa = PBXFileReference; lastKnownFileType = text.plist.strings; name = en; path = en.lproj/Localizable.strings; sourceTree = "<group>"; };
		D3D6CB922CF76EAA0019CBA5 /* zh-Hant */ = {isa = PBXFileReference; lastKnownFileType = text.plist.strings; name = "zh-Hant"; path = "zh-Hant.lproj/Localizable.strings"; sourceTree = "<group>"; };
		D3D6CB932CF772130019CBA5 /* LoginViewController.swift */ = {isa = PBXFileReference; lastKnownFileType = sourcecode.swift; path = LoginViewController.swift; sourceTree = "<group>"; };
		D3D6CB962CF8B6620019CBA5 /* AlertManager.swift */ = {isa = PBXFileReference; lastKnownFileType = sourcecode.swift; path = AlertManager.swift; sourceTree = "<group>"; };
		D3D6CB992CF8B8470019CBA5 /* ViewModel.swift */ = {isa = PBXFileReference; lastKnownFileType = sourcecode.swift; path = ViewModel.swift; sourceTree = "<group>"; };
		D3D6CB9C2CF8BE120019CBA5 /* NetworkManager.swift */ = {isa = PBXFileReference; lastKnownFileType = sourcecode.swift; path = NetworkManager.swift; sourceTree = "<group>"; };
		D3D6CB9E2CFA13BD0019CBA5 /* AnimatedGearView.swift */ = {isa = PBXFileReference; lastKnownFileType = sourcecode.swift; path = AnimatedGearView.swift; sourceTree = "<group>"; };
		D3D6CBA02CFA25700019CBA5 /* RegisterViewController.swift */ = {isa = PBXFileReference; lastKnownFileType = sourcecode.swift; path = RegisterViewController.swift; sourceTree = "<group>"; };
		D3D6CBAD2CFAB12F0019CBA5 /* GoogleService-Info.plist */ = {isa = PBXFileReference; fileEncoding = 4; lastKnownFileType = text.plist.xml; path = "GoogleService-Info.plist"; sourceTree = "<group>"; };
		D3D6CBC42CFADEE60019CBA5 /* PersonalAnimatedView.swift */ = {isa = PBXFileReference; lastKnownFileType = sourcecode.swift; path = PersonalAnimatedView.swift; sourceTree = "<group>"; };
		D3D6CBC62CFB57F10019CBA5 /* ProductTableViewCell.swift */ = {isa = PBXFileReference; lastKnownFileType = sourcecode.swift; path = ProductTableViewCell.swift; sourceTree = "<group>"; };
		D3E2B67E2AFB7E9D00C932E7 /* IMS-Inventory.app */ = {isa = PBXFileReference; explicitFileType = wrapper.application; includeInIndex = 0; path = "IMS-Inventory.app"; sourceTree = BUILT_PRODUCTS_DIR; };
		D3E2B6812AFB7E9D00C932E7 /* AppDelegate.swift */ = {isa = PBXFileReference; lastKnownFileType = sourcecode.swift; path = AppDelegate.swift; sourceTree = "<group>"; };
		D3E2B6832AFB7E9D00C932E7 /* SceneDelegate.swift */ = {isa = PBXFileReference; lastKnownFileType = sourcecode.swift; path = SceneDelegate.swift; sourceTree = "<group>"; };
		D3E2B68A2AFB7E9F00C932E7 /* Assets.xcassets */ = {isa = PBXFileReference; lastKnownFileType = folder.assetcatalog; path = Assets.xcassets; sourceTree = "<group>"; };
		D3E2B68D2AFB7E9F00C932E7 /* Base */ = {isa = PBXFileReference; lastKnownFileType = file.storyboard; name = Base; path = Base.lproj/LaunchScreen.storyboard; sourceTree = "<group>"; };
		D3E2B68F2AFB7E9F00C932E7 /* Info.plist */ = {isa = PBXFileReference; lastKnownFileType = text.plist.xml; path = Info.plist; sourceTree = "<group>"; };
		D3E2B6942AFB7E9F00C932E7 /* IMS-InventoryTests.xctest */ = {isa = PBXFileReference; explicitFileType = wrapper.cfbundle; includeInIndex = 0; path = "IMS-InventoryTests.xctest"; sourceTree = BUILT_PRODUCTS_DIR; };
		D3E2B6982AFB7E9F00C932E7 /* IMS_InventoryTests.swift */ = {isa = PBXFileReference; lastKnownFileType = sourcecode.swift; path = IMS_InventoryTests.swift; sourceTree = "<group>"; };
		D3E2B69E2AFB7E9F00C932E7 /* IMS-InventoryUITests.xctest */ = {isa = PBXFileReference; explicitFileType = wrapper.cfbundle; includeInIndex = 0; path = "IMS-InventoryUITests.xctest"; sourceTree = BUILT_PRODUCTS_DIR; };
		D3E2B6A22AFB7E9F00C932E7 /* IMS_InventoryUITests.swift */ = {isa = PBXFileReference; lastKnownFileType = sourcecode.swift; path = IMS_InventoryUITests.swift; sourceTree = "<group>"; };
		D3E2B6A42AFB7E9F00C932E7 /* IMS_InventoryUITestsLaunchTests.swift */ = {isa = PBXFileReference; lastKnownFileType = sourcecode.swift; path = IMS_InventoryUITestsLaunchTests.swift; sourceTree = "<group>"; };
		D3E2EF102CFDDCC1009A2E03 /* ja */ = {isa = PBXFileReference; lastKnownFileType = text.plist.strings; name = ja; path = ja.lproj/LaunchScreen.strings; sourceTree = "<group>"; };
		D3E2EF112CFDDCC2009A2E03 /* ja */ = {isa = PBXFileReference; lastKnownFileType = text.plist.strings; name = ja; path = ja.lproj/Localizable.strings; sourceTree = "<group>"; };
		D3E2EF122CFDDCEC009A2E03 /* zh-Hans */ = {isa = PBXFileReference; lastKnownFileType = text.plist.strings; name = "zh-Hans"; path = "zh-Hans.lproj/LaunchScreen.strings"; sourceTree = "<group>"; };
		D3E2EF132CFDDCEC009A2E03 /* zh-Hans */ = {isa = PBXFileReference; lastKnownFileType = text.plist.strings; name = "zh-Hans"; path = "zh-Hans.lproj/Localizable.strings"; sourceTree = "<group>"; };
		D3E2EF142CFDDF7E009A2E03 /* CartTableViewCell.swift */ = {isa = PBXFileReference; lastKnownFileType = sourcecode.swift; path = CartTableViewCell.swift; sourceTree = "<group>"; };
		D3E2EF162CFE07E6009A2E03 /* DateTableViewCell.swift */ = {isa = PBXFileReference; lastKnownFileType = sourcecode.swift; path = DateTableViewCell.swift; sourceTree = "<group>"; };
		D3E2EF182CFF4515009A2E03 /* StatusTableViewCell.swift */ = {isa = PBXFileReference; lastKnownFileType = sourcecode.swift; path = StatusTableViewCell.swift; sourceTree = "<group>"; };
		D3EDD73F2CFC016D000999E8 /* Constants.swift */ = {isa = PBXFileReference; lastKnownFileType = sourcecode.swift; path = Constants.swift; sourceTree = "<group>"; };
		D3EDD7472CFCA46B000999E8 /* IMS-Inventory.entitlements */ = {isa = PBXFileReference; lastKnownFileType = text.plist.entitlements; path = "IMS-Inventory.entitlements"; sourceTree = "<group>"; };
		D3EDD7482CFCC5B1000999E8 /* CustomNavigationTitleView.swift */ = {isa = PBXFileReference; lastKnownFileType = sourcecode.swift; path = CustomNavigationTitleView.swift; sourceTree = "<group>"; };
		D3FADE2A2BF8596C00185477 /* Colors.swift */ = {isa = PBXFileReference; lastKnownFileType = sourcecode.swift; path = Colors.swift; sourceTree = "<group>"; };
		D3FADE2C2BF85D5D00185477 /* ProductModel.swift */ = {isa = PBXFileReference; lastKnownFileType = sourcecode.swift; path = ProductModel.swift; sourceTree = "<group>"; };
/* End PBXFileReference section */

/* Begin PBXFrameworksBuildPhase section */
		D3E2B67B2AFB7E9D00C932E7 /* Frameworks */ = {
			isa = PBXFrameworksBuildPhase;
			buildActionMask = 2147483647;
			files = (
				D3D6CBB82CFAB2DA0019CBA5 /* FirebaseAppCheck in Frameworks */,
				D3D6CBBD2CFAB3AB0019CBA5 /* FirebaseAuth in Frameworks */,
				D3FADE272BF8478F00185477 /* Kingfisher in Frameworks */,
				D3D6CBB42CFAB2DA0019CBA5 /* FirebaseAnalyticsOnDeviceConversion in Frameworks */,
				D30A6BAC2CD11F76003AC00A /* UIView-Shimmer in Frameworks */,
				D389120B2CFB6A470043295A /* IQKeyboardManagerSwift in Frameworks */,
				D30A6BBB2CD34F95003AC00A /* ESTabBarController in Frameworks */,
				D3D6CBBF2CFAB3AB0019CBA5 /* FirebaseAuthCombine-Community in Frameworks */,
				D3D6CBB62CFAB2DA0019CBA5 /* FirebaseAnalyticsWithoutAdIdSupport in Frameworks */,
				D3D6CBB22CFAB2DA0019CBA5 /* FirebaseAnalytics in Frameworks */,
				D399A8282CC569FF0074738D /* Lottie in Frameworks */,
				D3D6CBBA2CFAB2DA0019CBA5 /* FirebaseAppDistribution-Beta in Frameworks */,
			);
			runOnlyForDeploymentPostprocessing = 0;
		};
		D3E2B6912AFB7E9F00C932E7 /* Frameworks */ = {
			isa = PBXFrameworksBuildPhase;
			buildActionMask = 2147483647;
			files = (
			);
			runOnlyForDeploymentPostprocessing = 0;
		};
		D3E2B69B2AFB7E9F00C932E7 /* Frameworks */ = {
			isa = PBXFrameworksBuildPhase;
			buildActionMask = 2147483647;
			files = (
			);
			runOnlyForDeploymentPostprocessing = 0;
		};
/* End PBXFrameworksBuildPhase section */

/* Begin PBXGroup section */
		D30A6BA92CD11CB6003AC00A /* Components */ = {
			isa = PBXGroup;
			children = (
				D3D6CBA22CFAAE320019CBA5 /* Cells */,
				D3D6CB9E2CFA13BD0019CBA5 /* AnimatedGearView.swift */,
				D3D6CBC42CFADEE60019CBA5 /* PersonalAnimatedView.swift */,
				D30A6BB52CD346F8003AC00A /* PaddingLabel.swift */,
				D30A6BBE2CD36F13003AC00A /* ConfirmButton.swift */,
				D3EDD7482CFCC5B1000999E8 /* CustomNavigationTitleView.swift */,
			);
			path = Components;
			sourceTree = "<group>";
		};
		D38C9B812AFE7F7A00E05972 /* Model */ = {
			isa = PBXGroup;
			children = (
				D3FADE2C2BF85D5D00185477 /* ProductModel.swift */,
			);
			path = Model;
			sourceTree = "<group>";
		};
		D399A8232CC568200074738D /* Private Data */ = {
			isa = PBXGroup;
			children = (
				D399A8242CC568430074738D /* PrivateData.swift */,
			);
			path = "Private Data";
			sourceTree = "<group>";
		};
		D399C3AF2BFA475700DBBC78 /* Instants */ = {
			isa = PBXGroup;
			children = (
				D3FADE2A2BF8596C00185477 /* Colors.swift */,
				D399C3AD2BFA257600DBBC78 /* Images.swift */,
				D3EDD73F2CFC016D000999E8 /* Constants.swift */,
			);
			path = Instants;
			sourceTree = "<group>";
		};
		D3D6CB982CF8B6990019CBA5 /* Managers */ = {
			isa = PBXGroup;
			children = (
				D3D6CB962CF8B6620019CBA5 /* AlertManager.swift */,
				D3D6CB9C2CF8BE120019CBA5 /* NetworkManager.swift */,
			);
			path = Managers;
			sourceTree = "<group>";
		};
		D3D6CB9B2CF8BA560019CBA5 /* ViewModels */ = {
			isa = PBXGroup;
			children = (
				D3D6CB992CF8B8470019CBA5 /* ViewModel.swift */,
			);
			path = ViewModels;
			sourceTree = "<group>";
		};
		D3D6CBA22CFAAE320019CBA5 /* Cells */ = {
			isa = PBXGroup;
			children = (
				D30A6BB32CD32AAC003AC00A /* SettingTableViewCell.swift */,
				D3D6CBC62CFB57F10019CBA5 /* ProductTableViewCell.swift */,
				D3A1F8322CD7D3660035AF93 /* ProductImageCell.swift */,
				D3B30BD22CE859FB001F2484 /* ProductInfoCell.swift */,
				D3A1F8342CD7D8DB0035AF93 /* ProductQuantityCell.swift */,
				D3E2EF142CFDDF7E009A2E03 /* CartTableViewCell.swift */,
				D3E2EF162CFE07E6009A2E03 /* DateTableViewCell.swift */,
				D3E2EF182CFF4515009A2E03 /* StatusTableViewCell.swift */,
			);
			path = Cells;
			sourceTree = "<group>";
		};
		D3D6CBBB2CFAB3AB0019CBA5 /* Frameworks */ = {
			isa = PBXGroup;
			children = (
			);
			name = Frameworks;
			sourceTree = "<group>";
		};
		D3E2B6752AFB7E9D00C932E7 = {
			isa = PBXGroup;
			children = (
				D3E2B6802AFB7E9D00C932E7 /* IMS-Inventory */,
				D3E2B6972AFB7E9F00C932E7 /* IMS-InventoryTests */,
				D3E2B6A12AFB7E9F00C932E7 /* IMS-InventoryUITests */,
				D3E2B67F2AFB7E9D00C932E7 /* Products */,
				D3D6CBBB2CFAB3AB0019CBA5 /* Frameworks */,
			);
			sourceTree = "<group>";
		};
		D3E2B67F2AFB7E9D00C932E7 /* Products */ = {
			isa = PBXGroup;
			children = (
				D3E2B67E2AFB7E9D00C932E7 /* IMS-Inventory.app */,
				D3E2B6942AFB7E9F00C932E7 /* IMS-InventoryTests.xctest */,
				D3E2B69E2AFB7E9F00C932E7 /* IMS-InventoryUITests.xctest */,
			);
			name = Products;
			sourceTree = "<group>";
		};
		D3E2B6802AFB7E9D00C932E7 /* IMS-Inventory */ = {
			isa = PBXGroup;
			children = (
				D3EDD7472CFCA46B000999E8 /* IMS-Inventory.entitlements */,
				D3D6CB912CF76EA80019CBA5 /* Localizable.strings */,
				D3D6CB982CF8B6990019CBA5 /* Managers */,
				D399A8232CC568200074738D /* Private Data */,
				D3E2B6B32AFB841F00C932E7 /* Supporting */,
				D30A6BA92CD11CB6003AC00A /* Components */,
				D3E2B6B42AFB843600C932E7 /* ViewControllers */,
				D38C9B812AFE7F7A00E05972 /* Model */,
				D3D6CB9B2CF8BA560019CBA5 /* ViewModels */,
				D399C3AF2BFA475700DBBC78 /* Instants */,
				D3E2B68F2AFB7E9F00C932E7 /* Info.plist */,
				D3D6CBAD2CFAB12F0019CBA5 /* GoogleService-Info.plist */,
			);
			path = "IMS-Inventory";
			sourceTree = "<group>";
		};
		D3E2B6972AFB7E9F00C932E7 /* IMS-InventoryTests */ = {
			isa = PBXGroup;
			children = (
				D3E2B6982AFB7E9F00C932E7 /* IMS_InventoryTests.swift */,
			);
			path = "IMS-InventoryTests";
			sourceTree = "<group>";
		};
		D3E2B6A12AFB7E9F00C932E7 /* IMS-InventoryUITests */ = {
			isa = PBXGroup;
			children = (
				D3E2B6A22AFB7E9F00C932E7 /* IMS_InventoryUITests.swift */,
				D3E2B6A42AFB7E9F00C932E7 /* IMS_InventoryUITestsLaunchTests.swift */,
			);
			path = "IMS-InventoryUITests";
			sourceTree = "<group>";
		};
		D3E2B6B32AFB841F00C932E7 /* Supporting */ = {
			isa = PBXGroup;
			children = (
				D3E2B6812AFB7E9D00C932E7 /* AppDelegate.swift */,
				D3E2B6832AFB7E9D00C932E7 /* SceneDelegate.swift */,
				D3E2B68C2AFB7E9F00C932E7 /* LaunchScreen.storyboard */,
				D3E2B68A2AFB7E9F00C932E7 /* Assets.xcassets */,
			);
			path = Supporting;
			sourceTree = "<group>";
		};
		D3E2B6B42AFB843600C932E7 /* ViewControllers */ = {
			isa = PBXGroup;
			children = (
				D30A6BBC2CD36E12003AC00A /* LaunchSceenViewController.swift */,
				D3D6CB932CF772130019CBA5 /* LoginViewController.swift */,
				D3D6CBA02CFA25700019CBA5 /* RegisterViewController.swift */,
				D30A6BB72CD34CC5003AC00A /* MainTabBarViewController.swift */,
				D3027AD42AFCB79B00A3BCE3 /* ProductListViewController.swift */,
				D30A6BB12CD32339003AC00A /* ProductDetailViewController.swift */,
				D3A1F8302CD671E40035AF93 /* CartViewController.swift */,
				D30A6BAF2CD130EC003AC00A /* CalculationViewController.swift */,
				D30A6BAD2CD1208E003AC00A /* SettingViewController.swift */,
			);
			path = ViewControllers;
			sourceTree = "<group>";
		};
/* End PBXGroup section */

/* Begin PBXNativeTarget section */
		D3E2B67D2AFB7E9D00C932E7 /* IMS-Inventory */ = {
			isa = PBXNativeTarget;
			buildConfigurationList = D3E2B6A82AFB7E9F00C932E7 /* Build configuration list for PBXNativeTarget "IMS-Inventory" */;
			buildPhases = (
				D3E2B67A2AFB7E9D00C932E7 /* Sources */,
				D3E2B67B2AFB7E9D00C932E7 /* Frameworks */,
				D3E2B67C2AFB7E9D00C932E7 /* Resources */,
			);
			buildRules = (
			);
			dependencies = (
			);
			name = "IMS-Inventory";
			packageProductDependencies = (
				D3FADE262BF8478F00185477 /* Kingfisher */,
				D399A8272CC569FF0074738D /* Lottie */,
				D30A6BAB2CD11F76003AC00A /* UIView-Shimmer */,
				D30A6BBA2CD34F95003AC00A /* ESTabBarController */,
				D3D6CBB12CFAB2DA0019CBA5 /* FirebaseAnalytics */,
				D3D6CBB32CFAB2DA0019CBA5 /* FirebaseAnalyticsOnDeviceConversion */,
				D3D6CBB52CFAB2DA0019CBA5 /* FirebaseAnalyticsWithoutAdIdSupport */,
				D3D6CBB72CFAB2DA0019CBA5 /* FirebaseAppCheck */,
				D3D6CBB92CFAB2DA0019CBA5 /* FirebaseAppDistribution-Beta */,
				D3D6CBBC2CFAB3AB0019CBA5 /* FirebaseAuth */,
				D3D6CBBE2CFAB3AB0019CBA5 /* FirebaseAuthCombine-Community */,
				D389120A2CFB6A470043295A /* IQKeyboardManagerSwift */,
			);
			productName = "IMS-Inventory";
			productReference = D3E2B67E2AFB7E9D00C932E7 /* IMS-Inventory.app */;
			productType = "com.apple.product-type.application";
		};
		D3E2B6932AFB7E9F00C932E7 /* IMS-InventoryTests */ = {
			isa = PBXNativeTarget;
			buildConfigurationList = D3E2B6AB2AFB7E9F00C932E7 /* Build configuration list for PBXNativeTarget "IMS-InventoryTests" */;
			buildPhases = (
				D3E2B6902AFB7E9F00C932E7 /* Sources */,
				D3E2B6912AFB7E9F00C932E7 /* Frameworks */,
				D3E2B6922AFB7E9F00C932E7 /* Resources */,
			);
			buildRules = (
			);
			dependencies = (
				D3E2B6962AFB7E9F00C932E7 /* PBXTargetDependency */,
			);
			name = "IMS-InventoryTests";
			productName = "IMS-InventoryTests";
			productReference = D3E2B6942AFB7E9F00C932E7 /* IMS-InventoryTests.xctest */;
			productType = "com.apple.product-type.bundle.unit-test";
		};
		D3E2B69D2AFB7E9F00C932E7 /* IMS-InventoryUITests */ = {
			isa = PBXNativeTarget;
			buildConfigurationList = D3E2B6AE2AFB7E9F00C932E7 /* Build configuration list for PBXNativeTarget "IMS-InventoryUITests" */;
			buildPhases = (
				D3E2B69A2AFB7E9F00C932E7 /* Sources */,
				D3E2B69B2AFB7E9F00C932E7 /* Frameworks */,
				D3E2B69C2AFB7E9F00C932E7 /* Resources */,
			);
			buildRules = (
			);
			dependencies = (
				D3E2B6A02AFB7E9F00C932E7 /* PBXTargetDependency */,
			);
			name = "IMS-InventoryUITests";
			productName = "IMS-InventoryUITests";
			productReference = D3E2B69E2AFB7E9F00C932E7 /* IMS-InventoryUITests.xctest */;
			productType = "com.apple.product-type.bundle.ui-testing";
		};
/* End PBXNativeTarget section */

/* Begin PBXProject section */
		D3E2B6762AFB7E9D00C932E7 /* Project object */ = {
			isa = PBXProject;
			attributes = {
				BuildIndependentTargetsInParallel = 1;
				LastSwiftUpdateCheck = 1430;
				LastUpgradeCheck = 1510;
				TargetAttributes = {
					D3E2B67D2AFB7E9D00C932E7 = {
						CreatedOnToolsVersion = 14.3.1;
					};
					D3E2B6932AFB7E9F00C932E7 = {
						CreatedOnToolsVersion = 14.3.1;
						TestTargetID = D3E2B67D2AFB7E9D00C932E7;
					};
					D3E2B69D2AFB7E9F00C932E7 = {
						CreatedOnToolsVersion = 14.3.1;
						TestTargetID = D3E2B67D2AFB7E9D00C932E7;
					};
				};
			};
			buildConfigurationList = D3E2B6792AFB7E9D00C932E7 /* Build configuration list for PBXProject "IMS-Inventory" */;
			compatibilityVersion = "Xcode 14.0";
			developmentRegion = en;
			hasScannedForEncodings = 0;
			knownRegions = (
				en,
				Base,
				"zh-Hant",
				ja,
				"zh-Hans",
			);
			mainGroup = D3E2B6752AFB7E9D00C932E7;
			packageReferences = (
				D3FADE252BF8478F00185477 /* XCRemoteSwiftPackageReference "Kingfisher" */,
				D399A8262CC569FF0074738D /* XCRemoteSwiftPackageReference "lottie-ios" */,
				D30A6BAA2CD11F76003AC00A /* XCRemoteSwiftPackageReference "UIView-Shimmer" */,
				D30A6BB92CD34F95003AC00A /* XCRemoteSwiftPackageReference "ESTabBarController" */,
				D3D6CBB02CFAB2DA0019CBA5 /* XCRemoteSwiftPackageReference "firebase-ios-sdk" */,
				D38912092CFB6A470043295A /* XCRemoteSwiftPackageReference "IQKeyboardManager" */,
				D3EDD7412CFC9BD2000999E8 /* XCRemoteSwiftPackageReference "Charts" */,
			);
			productRefGroup = D3E2B67F2AFB7E9D00C932E7 /* Products */;
			projectDirPath = "";
			projectRoot = "";
			targets = (
				D3E2B67D2AFB7E9D00C932E7 /* IMS-Inventory */,
				D3E2B6932AFB7E9F00C932E7 /* IMS-InventoryTests */,
				D3E2B69D2AFB7E9F00C932E7 /* IMS-InventoryUITests */,
			);
		};
/* End PBXProject section */

/* Begin PBXResourcesBuildPhase section */
		D3E2B67C2AFB7E9D00C932E7 /* Resources */ = {
			isa = PBXResourcesBuildPhase;
			buildActionMask = 2147483647;
			files = (
				D3D6CB8F2CF76EA80019CBA5 /* Localizable.strings in Resources */,
				D3E2B68E2AFB7E9F00C932E7 /* LaunchScreen.storyboard in Resources */,
				D3E2B68B2AFB7E9F00C932E7 /* Assets.xcassets in Resources */,
				D3D6CBAE2CFAB12F0019CBA5 /* GoogleService-Info.plist in Resources */,
			);
			runOnlyForDeploymentPostprocessing = 0;
		};
		D3E2B6922AFB7E9F00C932E7 /* Resources */ = {
			isa = PBXResourcesBuildPhase;
			buildActionMask = 2147483647;
			files = (
			);
			runOnlyForDeploymentPostprocessing = 0;
		};
		D3E2B69C2AFB7E9F00C932E7 /* Resources */ = {
			isa = PBXResourcesBuildPhase;
			buildActionMask = 2147483647;
			files = (
			);
			runOnlyForDeploymentPostprocessing = 0;
		};
/* End PBXResourcesBuildPhase section */

/* Begin PBXSourcesBuildPhase section */
		D3E2B67A2AFB7E9D00C932E7 /* Sources */ = {
			isa = PBXSourcesBuildPhase;
			buildActionMask = 2147483647;
			files = (
				D3D6CBA12CFA25700019CBA5 /* RegisterViewController.swift in Sources */,
				D3D6CBC72CFB57F10019CBA5 /* ProductTableViewCell.swift in Sources */,
				D30A6BB82CD34CC5003AC00A /* MainTabBarViewController.swift in Sources */,
				D3A1F8312CD671E40035AF93 /* CartViewController.swift in Sources */,
				D30A6BBD2CD36E12003AC00A /* LaunchSceenViewController.swift in Sources */,
				D30A6BB02CD130EC003AC00A /* CalculationViewController.swift in Sources */,
				D3E2B6822AFB7E9D00C932E7 /* AppDelegate.swift in Sources */,
				D3D6CB972CF8B6620019CBA5 /* AlertManager.swift in Sources */,
				D30A6BBF2CD36F13003AC00A /* ConfirmButton.swift in Sources */,
				D3FADE2B2BF8596C00185477 /* Colors.swift in Sources */,
				D399C3AE2BFA257600DBBC78 /* Images.swift in Sources */,
				D3D6CBC52CFADEE60019CBA5 /* PersonalAnimatedView.swift in Sources */,
				D3D6CB9D2CF8BE120019CBA5 /* NetworkManager.swift in Sources */,
				D30A6BB22CD32339003AC00A /* ProductDetailViewController.swift in Sources */,
				D3D6CB942CF772130019CBA5 /* LoginViewController.swift in Sources */,
				D3E2EF172CFE07E6009A2E03 /* DateTableViewCell.swift in Sources */,
				D399A8252CC568430074738D /* PrivateData.swift in Sources */,
				D30A6BAE2CD1208E003AC00A /* SettingViewController.swift in Sources */,
				D30A6BB62CD346F8003AC00A /* PaddingLabel.swift in Sources */,
				D30A6BB42CD32AAC003AC00A /* SettingTableViewCell.swift in Sources */,
				D3027AD52AFCB79B00A3BCE3 /* ProductListViewController.swift in Sources */,
				D3B30BD32CE859FB001F2484 /* ProductInfoCell.swift in Sources */,
				D3A1F8352CD7D8DB0035AF93 /* ProductQuantityCell.swift in Sources */,
				D3EDD7402CFC016D000999E8 /* Constants.swift in Sources */,
				D3EDD7492CFCC5B1000999E8 /* CustomNavigationTitleView.swift in Sources */,
				D3E2B6842AFB7E9D00C932E7 /* SceneDelegate.swift in Sources */,
				D3FADE2D2BF85D5D00185477 /* ProductModel.swift in Sources */,
				D3E2EF192CFF4515009A2E03 /* StatusTableViewCell.swift in Sources */,
				D3D6CB9A2CF8B8470019CBA5 /* ViewModel.swift in Sources */,
				D3E2EF152CFDDF7E009A2E03 /* CartTableViewCell.swift in Sources */,
				D3A1F8332CD7D3660035AF93 /* ProductImageCell.swift in Sources */,
				D3D6CB9F2CFA13BE0019CBA5 /* AnimatedGearView.swift in Sources */,
			);
			runOnlyForDeploymentPostprocessing = 0;
		};
		D3E2B6902AFB7E9F00C932E7 /* Sources */ = {
			isa = PBXSourcesBuildPhase;
			buildActionMask = 2147483647;
			files = (
				D3E2B6992AFB7E9F00C932E7 /* IMS_InventoryTests.swift in Sources */,
			);
			runOnlyForDeploymentPostprocessing = 0;
		};
		D3E2B69A2AFB7E9F00C932E7 /* Sources */ = {
			isa = PBXSourcesBuildPhase;
			buildActionMask = 2147483647;
			files = (
				D3E2B6A32AFB7E9F00C932E7 /* IMS_InventoryUITests.swift in Sources */,
				D3E2B6A52AFB7E9F00C932E7 /* IMS_InventoryUITestsLaunchTests.swift in Sources */,
			);
			runOnlyForDeploymentPostprocessing = 0;
		};
/* End PBXSourcesBuildPhase section */

/* Begin PBXTargetDependency section */
		D3E2B6962AFB7E9F00C932E7 /* PBXTargetDependency */ = {
			isa = PBXTargetDependency;
			target = D3E2B67D2AFB7E9D00C932E7 /* IMS-Inventory */;
			targetProxy = D3E2B6952AFB7E9F00C932E7 /* PBXContainerItemProxy */;
		};
		D3E2B6A02AFB7E9F00C932E7 /* PBXTargetDependency */ = {
			isa = PBXTargetDependency;
			target = D3E2B67D2AFB7E9D00C932E7 /* IMS-Inventory */;
			targetProxy = D3E2B69F2AFB7E9F00C932E7 /* PBXContainerItemProxy */;
		};
/* End PBXTargetDependency section */

/* Begin PBXVariantGroup section */
		D3D6CB912CF76EA80019CBA5 /* Localizable.strings */ = {
			isa = PBXVariantGroup;
			children = (
				D3D6CB902CF76EA80019CBA5 /* en */,
				D3D6CB922CF76EAA0019CBA5 /* zh-Hant */,
				D3E2EF112CFDDCC2009A2E03 /* ja */,
				D3E2EF132CFDDCEC009A2E03 /* zh-Hans */,
			);
			name = Localizable.strings;
			sourceTree = "<group>";
		};
		D3E2B68C2AFB7E9F00C932E7 /* LaunchScreen.storyboard */ = {
			isa = PBXVariantGroup;
			children = (
				D3E2B68D2AFB7E9F00C932E7 /* Base */,
				D3D6CB862CF76D2D0019CBA5 /* zh-Hant */,
				D3E2EF102CFDDCC1009A2E03 /* ja */,
				D3E2EF122CFDDCEC009A2E03 /* zh-Hans */,
			);
			name = LaunchScreen.storyboard;
			sourceTree = "<group>";
		};
/* End PBXVariantGroup section */

/* Begin XCBuildConfiguration section */
		D3E2B6A62AFB7E9F00C932E7 /* Debug */ = {
			isa = XCBuildConfiguration;
			buildSettings = {
				ALWAYS_SEARCH_USER_PATHS = NO;
				ASSETCATALOG_COMPILER_GENERATE_SWIFT_ASSET_SYMBOL_EXTENSIONS = YES;
				CLANG_ANALYZER_LOCALIZABILITY_NONLOCALIZED = YES;
				CLANG_ANALYZER_NONNULL = YES;
				CLANG_ANALYZER_NUMBER_OBJECT_CONVERSION = YES_AGGRESSIVE;
				CLANG_CXX_LANGUAGE_STANDARD = "gnu++20";
				CLANG_ENABLE_MODULES = YES;
				CLANG_ENABLE_OBJC_ARC = YES;
				CLANG_ENABLE_OBJC_WEAK = YES;
				CLANG_WARN_BLOCK_CAPTURE_AUTORELEASING = YES;
				CLANG_WARN_BOOL_CONVERSION = YES;
				CLANG_WARN_COMMA = YES;
				CLANG_WARN_CONSTANT_CONVERSION = YES;
				CLANG_WARN_DEPRECATED_OBJC_IMPLEMENTATIONS = YES;
				CLANG_WARN_DIRECT_OBJC_ISA_USAGE = YES_ERROR;
				CLANG_WARN_DOCUMENTATION_COMMENTS = YES;
				CLANG_WARN_EMPTY_BODY = YES;
				CLANG_WARN_ENUM_CONVERSION = YES;
				CLANG_WARN_INFINITE_RECURSION = YES;
				CLANG_WARN_INT_CONVERSION = YES;
				CLANG_WARN_NON_LITERAL_NULL_CONVERSION = YES;
				CLANG_WARN_OBJC_IMPLICIT_RETAIN_SELF = YES;
				CLANG_WARN_OBJC_LITERAL_CONVERSION = YES;
				CLANG_WARN_OBJC_ROOT_CLASS = YES_ERROR;
				CLANG_WARN_QUOTED_INCLUDE_IN_FRAMEWORK_HEADER = YES;
				CLANG_WARN_RANGE_LOOP_ANALYSIS = YES;
				CLANG_WARN_STRICT_PROTOTYPES = YES;
				CLANG_WARN_SUSPICIOUS_MOVE = YES;
				CLANG_WARN_UNGUARDED_AVAILABILITY = YES_AGGRESSIVE;
				CLANG_WARN_UNREACHABLE_CODE = YES;
				CLANG_WARN__DUPLICATE_METHOD_MATCH = YES;
				COPY_PHASE_STRIP = NO;
				DEBUG_INFORMATION_FORMAT = dwarf;
				ENABLE_STRICT_OBJC_MSGSEND = YES;
				ENABLE_TESTABILITY = YES;
				ENABLE_USER_SCRIPT_SANDBOXING = YES;
				GCC_C_LANGUAGE_STANDARD = gnu11;
				GCC_DYNAMIC_NO_PIC = NO;
				GCC_NO_COMMON_BLOCKS = YES;
				GCC_OPTIMIZATION_LEVEL = 0;
				GCC_PREPROCESSOR_DEFINITIONS = (
					"DEBUG=1",
					"$(inherited)",
				);
				GCC_WARN_64_TO_32_BIT_CONVERSION = YES;
				GCC_WARN_ABOUT_RETURN_TYPE = YES_ERROR;
				GCC_WARN_UNDECLARED_SELECTOR = YES;
				GCC_WARN_UNINITIALIZED_AUTOS = YES_AGGRESSIVE;
				GCC_WARN_UNUSED_FUNCTION = YES;
				GCC_WARN_UNUSED_VARIABLE = YES;
				IPHONEOS_DEPLOYMENT_TARGET = 17.0;
				MTL_ENABLE_DEBUG_INFO = INCLUDE_SOURCE;
				MTL_FAST_MATH = YES;
				ONLY_ACTIVE_ARCH = YES;
				SDKROOT = iphoneos;
				SWIFT_ACTIVE_COMPILATION_CONDITIONS = DEBUG;
				SWIFT_OPTIMIZATION_LEVEL = "-Onone";
			};
			name = Debug;
		};
		D3E2B6A72AFB7E9F00C932E7 /* Release */ = {
			isa = XCBuildConfiguration;
			buildSettings = {
				ALWAYS_SEARCH_USER_PATHS = NO;
				ASSETCATALOG_COMPILER_GENERATE_SWIFT_ASSET_SYMBOL_EXTENSIONS = YES;
				CLANG_ANALYZER_LOCALIZABILITY_NONLOCALIZED = YES;
				CLANG_ANALYZER_NONNULL = YES;
				CLANG_ANALYZER_NUMBER_OBJECT_CONVERSION = YES_AGGRESSIVE;
				CLANG_CXX_LANGUAGE_STANDARD = "gnu++20";
				CLANG_ENABLE_MODULES = YES;
				CLANG_ENABLE_OBJC_ARC = YES;
				CLANG_ENABLE_OBJC_WEAK = YES;
				CLANG_WARN_BLOCK_CAPTURE_AUTORELEASING = YES;
				CLANG_WARN_BOOL_CONVERSION = YES;
				CLANG_WARN_COMMA = YES;
				CLANG_WARN_CONSTANT_CONVERSION = YES;
				CLANG_WARN_DEPRECATED_OBJC_IMPLEMENTATIONS = YES;
				CLANG_WARN_DIRECT_OBJC_ISA_USAGE = YES_ERROR;
				CLANG_WARN_DOCUMENTATION_COMMENTS = YES;
				CLANG_WARN_EMPTY_BODY = YES;
				CLANG_WARN_ENUM_CONVERSION = YES;
				CLANG_WARN_INFINITE_RECURSION = YES;
				CLANG_WARN_INT_CONVERSION = YES;
				CLANG_WARN_NON_LITERAL_NULL_CONVERSION = YES;
				CLANG_WARN_OBJC_IMPLICIT_RETAIN_SELF = YES;
				CLANG_WARN_OBJC_LITERAL_CONVERSION = YES;
				CLANG_WARN_OBJC_ROOT_CLASS = YES_ERROR;
				CLANG_WARN_QUOTED_INCLUDE_IN_FRAMEWORK_HEADER = YES;
				CLANG_WARN_RANGE_LOOP_ANALYSIS = YES;
				CLANG_WARN_STRICT_PROTOTYPES = YES;
				CLANG_WARN_SUSPICIOUS_MOVE = YES;
				CLANG_WARN_UNGUARDED_AVAILABILITY = YES_AGGRESSIVE;
				CLANG_WARN_UNREACHABLE_CODE = YES;
				CLANG_WARN__DUPLICATE_METHOD_MATCH = YES;
				COPY_PHASE_STRIP = NO;
				DEBUG_INFORMATION_FORMAT = "dwarf-with-dsym";
				ENABLE_NS_ASSERTIONS = NO;
				ENABLE_STRICT_OBJC_MSGSEND = YES;
				ENABLE_USER_SCRIPT_SANDBOXING = YES;
				GCC_C_LANGUAGE_STANDARD = gnu11;
				GCC_NO_COMMON_BLOCKS = YES;
				GCC_WARN_64_TO_32_BIT_CONVERSION = YES;
				GCC_WARN_ABOUT_RETURN_TYPE = YES_ERROR;
				GCC_WARN_UNDECLARED_SELECTOR = YES;
				GCC_WARN_UNINITIALIZED_AUTOS = YES_AGGRESSIVE;
				GCC_WARN_UNUSED_FUNCTION = YES;
				GCC_WARN_UNUSED_VARIABLE = YES;
				IPHONEOS_DEPLOYMENT_TARGET = 17.0;
				MTL_ENABLE_DEBUG_INFO = NO;
				MTL_FAST_MATH = YES;
				SDKROOT = iphoneos;
				SWIFT_COMPILATION_MODE = wholemodule;
				SWIFT_OPTIMIZATION_LEVEL = "-O";
				VALIDATE_PRODUCT = YES;
			};
			name = Release;
		};
		D3E2B6A92AFB7E9F00C932E7 /* Debug */ = {
			isa = XCBuildConfiguration;
			buildSettings = {
				ASSETCATALOG_COMPILER_APPICON_NAME = AppIcon;
				ASSETCATALOG_COMPILER_GLOBAL_ACCENT_COLOR_NAME = AccentColor;
				CODE_SIGN_ENTITLEMENTS = "IMS-Inventory/IMS-Inventory.entitlements";
				CODE_SIGN_IDENTITY = "Apple Development";
				CODE_SIGN_STYLE = Automatic;
				CURRENT_PROJECT_VERSION = 1;
				DEVELOPMENT_ASSET_PATHS = "";
				DEVELOPMENT_TEAM = 5862HZ6X6T;
				GENERATE_INFOPLIST_FILE = YES;
				INFOPLIST_FILE = "IMS-Inventory/Info.plist";
				INFOPLIST_KEY_CFBundleDisplayName = "IMS Inventory";
				INFOPLIST_KEY_LSApplicationCategoryType = "public.app-category.utilities";
				INFOPLIST_KEY_NSCameraUsageDescription = "";
				INFOPLIST_KEY_UIApplicationSupportsIndirectInputEvents = YES;
				INFOPLIST_KEY_UILaunchStoryboardName = LaunchScreen;
				INFOPLIST_KEY_UISupportedInterfaceOrientations_iPad = "UIInterfaceOrientationPortrait UIInterfaceOrientationPortraitUpsideDown UIInterfaceOrientationLandscapeLeft UIInterfaceOrientationLandscapeRight";
				INFOPLIST_KEY_UISupportedInterfaceOrientations_iPhone = "UIInterfaceOrientationPortrait UIInterfaceOrientationLandscapeLeft UIInterfaceOrientationLandscapeRight";
				IPHONEOS_DEPLOYMENT_TARGET = 17.0;
				"IPHONEOS_DEPLOYMENT_TARGET[sdk=iphoneos*]" = 17.2;
				LD_RUNPATH_SEARCH_PATHS = (
					"$(inherited)",
					"@executable_path/Frameworks",
				);
				MARKETING_VERSION = 1.0;
				PRODUCT_BUNDLE_IDENTIFIER = "com.dawei84.IMS-Inventory";
				PRODUCT_NAME = "$(TARGET_NAME)";
				PROVISIONING_PROFILE_SPECIFIER = "";
				SWIFT_EMIT_LOC_STRINGS = YES;
				SWIFT_VERSION = 5.0;
				TARGETED_DEVICE_FAMILY = "1,2";
			};
			name = Debug;
		};
		D3E2B6AA2AFB7E9F00C932E7 /* Release */ = {
			isa = XCBuildConfiguration;
			buildSettings = {
				ASSETCATALOG_COMPILER_APPICON_NAME = AppIcon;
				ASSETCATALOG_COMPILER_GLOBAL_ACCENT_COLOR_NAME = AccentColor;
				CODE_SIGN_ENTITLEMENTS = "IMS-Inventory/IMS-Inventory.entitlements";
				CODE_SIGN_IDENTITY = "Apple Development";
				CODE_SIGN_STYLE = Automatic;
				CURRENT_PROJECT_VERSION = 1;
				DEVELOPMENT_ASSET_PATHS = "";
				DEVELOPMENT_TEAM = 5862HZ6X6T;
				GENERATE_INFOPLIST_FILE = YES;
				INFOPLIST_FILE = "IMS-Inventory/Info.plist";
				INFOPLIST_KEY_CFBundleDisplayName = "IMS Inventory";
				INFOPLIST_KEY_LSApplicationCategoryType = "public.app-category.utilities";
				INFOPLIST_KEY_NSCameraUsageDescription = "";
				INFOPLIST_KEY_UIApplicationSupportsIndirectInputEvents = YES;
				INFOPLIST_KEY_UILaunchStoryboardName = LaunchScreen;
				INFOPLIST_KEY_UISupportedInterfaceOrientations_iPad = "UIInterfaceOrientationPortrait UIInterfaceOrientationPortraitUpsideDown UIInterfaceOrientationLandscapeLeft UIInterfaceOrientationLandscapeRight";
				INFOPLIST_KEY_UISupportedInterfaceOrientations_iPhone = "UIInterfaceOrientationPortrait UIInterfaceOrientationLandscapeLeft UIInterfaceOrientationLandscapeRight";
				IPHONEOS_DEPLOYMENT_TARGET = 17.0;
				"IPHONEOS_DEPLOYMENT_TARGET[sdk=iphoneos*]" = 17.2;
				LD_RUNPATH_SEARCH_PATHS = (
					"$(inherited)",
					"@executable_path/Frameworks",
				);
				MARKETING_VERSION = 1.0;
				PRODUCT_BUNDLE_IDENTIFIER = "com.dawei84.IMS-Inventory";
				PRODUCT_NAME = "$(TARGET_NAME)";
				PROVISIONING_PROFILE_SPECIFIER = "";
				SWIFT_EMIT_LOC_STRINGS = YES;
				SWIFT_VERSION = 5.0;
				TARGETED_DEVICE_FAMILY = "1,2";
			};
			name = Release;
		};
		D3E2B6AC2AFB7E9F00C932E7 /* Debug */ = {
			isa = XCBuildConfiguration;
			buildSettings = {
				ALWAYS_EMBED_SWIFT_STANDARD_LIBRARIES = YES;
				BUNDLE_LOADER = "$(TEST_HOST)";
				CODE_SIGN_STYLE = Automatic;
				CURRENT_PROJECT_VERSION = 1;
				DEVELOPMENT_TEAM = 7NJ9W73ML8;
				GENERATE_INFOPLIST_FILE = YES;
				IPHONEOS_DEPLOYMENT_TARGET = 16.4;
				MARKETING_VERSION = 1.0;
				PRODUCT_BUNDLE_IDENTIFIER = "com.dawei84.IMS-InventoryTests";
				PRODUCT_NAME = "$(TARGET_NAME)";
				SWIFT_EMIT_LOC_STRINGS = NO;
				SWIFT_VERSION = 5.0;
				TARGETED_DEVICE_FAMILY = "1,2";
				TEST_HOST = "$(BUILT_PRODUCTS_DIR)/IMS-Inventory.app/$(BUNDLE_EXECUTABLE_FOLDER_PATH)/IMS-Inventory";
			};
			name = Debug;
		};
		D3E2B6AD2AFB7E9F00C932E7 /* Release */ = {
			isa = XCBuildConfiguration;
			buildSettings = {
				ALWAYS_EMBED_SWIFT_STANDARD_LIBRARIES = YES;
				BUNDLE_LOADER = "$(TEST_HOST)";
				CODE_SIGN_STYLE = Automatic;
				CURRENT_PROJECT_VERSION = 1;
				DEVELOPMENT_TEAM = 7NJ9W73ML8;
				GENERATE_INFOPLIST_FILE = YES;
				IPHONEOS_DEPLOYMENT_TARGET = 16.4;
				MARKETING_VERSION = 1.0;
				PRODUCT_BUNDLE_IDENTIFIER = "com.dawei84.IMS-InventoryTests";
				PRODUCT_NAME = "$(TARGET_NAME)";
				SWIFT_EMIT_LOC_STRINGS = NO;
				SWIFT_VERSION = 5.0;
				TARGETED_DEVICE_FAMILY = "1,2";
				TEST_HOST = "$(BUILT_PRODUCTS_DIR)/IMS-Inventory.app/$(BUNDLE_EXECUTABLE_FOLDER_PATH)/IMS-Inventory";
			};
			name = Release;
		};
		D3E2B6AF2AFB7E9F00C932E7 /* Debug */ = {
			isa = XCBuildConfiguration;
			buildSettings = {
				ALWAYS_EMBED_SWIFT_STANDARD_LIBRARIES = YES;
				CODE_SIGN_STYLE = Automatic;
				CURRENT_PROJECT_VERSION = 1;
				DEVELOPMENT_TEAM = 7NJ9W73ML8;
				GENERATE_INFOPLIST_FILE = YES;
				MARKETING_VERSION = 1.0;
				PRODUCT_BUNDLE_IDENTIFIER = "com.dawei84.IMS-InventoryUITests";
				PRODUCT_NAME = "$(TARGET_NAME)";
				SWIFT_EMIT_LOC_STRINGS = NO;
				SWIFT_VERSION = 5.0;
				TARGETED_DEVICE_FAMILY = "1,2";
				TEST_TARGET_NAME = "IMS-Inventory";
			};
			name = Debug;
		};
		D3E2B6B02AFB7E9F00C932E7 /* Release */ = {
			isa = XCBuildConfiguration;
			buildSettings = {
				ALWAYS_EMBED_SWIFT_STANDARD_LIBRARIES = YES;
				CODE_SIGN_STYLE = Automatic;
				CURRENT_PROJECT_VERSION = 1;
				DEVELOPMENT_TEAM = 7NJ9W73ML8;
				GENERATE_INFOPLIST_FILE = YES;
				MARKETING_VERSION = 1.0;
				PRODUCT_BUNDLE_IDENTIFIER = "com.dawei84.IMS-InventoryUITests";
				PRODUCT_NAME = "$(TARGET_NAME)";
				SWIFT_EMIT_LOC_STRINGS = NO;
				SWIFT_VERSION = 5.0;
				TARGETED_DEVICE_FAMILY = "1,2";
				TEST_TARGET_NAME = "IMS-Inventory";
			};
			name = Release;
		};
/* End XCBuildConfiguration section */

/* Begin XCConfigurationList section */
		D3E2B6792AFB7E9D00C932E7 /* Build configuration list for PBXProject "IMS-Inventory" */ = {
			isa = XCConfigurationList;
			buildConfigurations = (
				D3E2B6A62AFB7E9F00C932E7 /* Debug */,
				D3E2B6A72AFB7E9F00C932E7 /* Release */,
			);
			defaultConfigurationIsVisible = 0;
			defaultConfigurationName = Release;
		};
		D3E2B6A82AFB7E9F00C932E7 /* Build configuration list for PBXNativeTarget "IMS-Inventory" */ = {
			isa = XCConfigurationList;
			buildConfigurations = (
				D3E2B6A92AFB7E9F00C932E7 /* Debug */,
				D3E2B6AA2AFB7E9F00C932E7 /* Release */,
			);
			defaultConfigurationIsVisible = 0;
			defaultConfigurationName = Release;
		};
		D3E2B6AB2AFB7E9F00C932E7 /* Build configuration list for PBXNativeTarget "IMS-InventoryTests" */ = {
			isa = XCConfigurationList;
			buildConfigurations = (
				D3E2B6AC2AFB7E9F00C932E7 /* Debug */,
				D3E2B6AD2AFB7E9F00C932E7 /* Release */,
			);
			defaultConfigurationIsVisible = 0;
			defaultConfigurationName = Release;
		};
		D3E2B6AE2AFB7E9F00C932E7 /* Build configuration list for PBXNativeTarget "IMS-InventoryUITests" */ = {
			isa = XCConfigurationList;
			buildConfigurations = (
				D3E2B6AF2AFB7E9F00C932E7 /* Debug */,
				D3E2B6B02AFB7E9F00C932E7 /* Release */,
			);
			defaultConfigurationIsVisible = 0;
			defaultConfigurationName = Release;
		};
/* End XCConfigurationList section */

/* Begin XCRemoteSwiftPackageReference section */
		D30A6BAA2CD11F76003AC00A /* XCRemoteSwiftPackageReference "UIView-Shimmer" */ = {
			isa = XCRemoteSwiftPackageReference;
			repositoryURL = "https://github.com/omerfarukozturk/UIView-Shimmer.git";
			requirement = {
				kind = upToNextMajorVersion;
				minimumVersion = 1.0.4;
			};
		};
		D30A6BB92CD34F95003AC00A /* XCRemoteSwiftPackageReference "ESTabBarController" */ = {
			isa = XCRemoteSwiftPackageReference;
			repositoryURL = "https://github.com/eggswift/ESTabBarController.git";
			requirement = {
				kind = upToNextMajorVersion;
				minimumVersion = 2.9.0;
			};
		};
		D38912092CFB6A470043295A /* XCRemoteSwiftPackageReference "IQKeyboardManager" */ = {
			isa = XCRemoteSwiftPackageReference;
			repositoryURL = "https://github.com/hackiftekhar/IQKeyboardManager.git";
			requirement = {
				kind = upToNextMajorVersion;
				minimumVersion = 8.0.0;
			};
		};
		D399A8262CC569FF0074738D /* XCRemoteSwiftPackageReference "lottie-ios" */ = {
			isa = XCRemoteSwiftPackageReference;
			repositoryURL = "https://github.com/airbnb/lottie-ios";
			requirement = {
				kind = upToNextMajorVersion;
				minimumVersion = 4.5.0;
			};
		};
		D3D6CBB02CFAB2DA0019CBA5 /* XCRemoteSwiftPackageReference "firebase-ios-sdk" */ = {
			isa = XCRemoteSwiftPackageReference;
			repositoryURL = "https://github.com/firebase/firebase-ios-sdk";
			requirement = {
				kind = upToNextMajorVersion;
				minimumVersion = 11.5.0;
			};
		};
		D3EDD7412CFC9BD2000999E8 /* XCRemoteSwiftPackageReference "Charts" */ = {
			isa = XCRemoteSwiftPackageReference;
			repositoryURL = "https://github.com/ChartsOrg/Charts.git";
			requirement = {
				kind = upToNextMajorVersion;
				minimumVersion = 5.1.0;
			};
		};
		D3FADE252BF8478F00185477 /* XCRemoteSwiftPackageReference "Kingfisher" */ = {
			isa = XCRemoteSwiftPackageReference;
			repositoryURL = "https://github.com/onevcat/Kingfisher";
			requirement = {
				kind = upToNextMajorVersion;
				minimumVersion = 7.11.0;
			};
		};
/* End XCRemoteSwiftPackageReference section */

/* Begin XCSwiftPackageProductDependency section */
		D30A6BAB2CD11F76003AC00A /* UIView-Shimmer */ = {
			isa = XCSwiftPackageProductDependency;
			package = D30A6BAA2CD11F76003AC00A /* XCRemoteSwiftPackageReference "UIView-Shimmer" */;
			productName = "UIView-Shimmer";
		};
		D30A6BBA2CD34F95003AC00A /* ESTabBarController */ = {
			isa = XCSwiftPackageProductDependency;
			package = D30A6BB92CD34F95003AC00A /* XCRemoteSwiftPackageReference "ESTabBarController" */;
			productName = ESTabBarController;
		};
		D389120A2CFB6A470043295A /* IQKeyboardManagerSwift */ = {
			isa = XCSwiftPackageProductDependency;
			package = D38912092CFB6A470043295A /* XCRemoteSwiftPackageReference "IQKeyboardManager" */;
			productName = IQKeyboardManagerSwift;
		};
		D399A8272CC569FF0074738D /* Lottie */ = {
			isa = XCSwiftPackageProductDependency;
			package = D399A8262CC569FF0074738D /* XCRemoteSwiftPackageReference "lottie-ios" */;
			productName = Lottie;
		};
		D3D6CBB12CFAB2DA0019CBA5 /* FirebaseAnalytics */ = {
			isa = XCSwiftPackageProductDependency;
			package = D3D6CBB02CFAB2DA0019CBA5 /* XCRemoteSwiftPackageReference "firebase-ios-sdk" */;
			productName = FirebaseAnalytics;
		};
		D3D6CBB32CFAB2DA0019CBA5 /* FirebaseAnalyticsOnDeviceConversion */ = {
			isa = XCSwiftPackageProductDependency;
			package = D3D6CBB02CFAB2DA0019CBA5 /* XCRemoteSwiftPackageReference "firebase-ios-sdk" */;
			productName = FirebaseAnalyticsOnDeviceConversion;
		};
		D3D6CBB52CFAB2DA0019CBA5 /* FirebaseAnalyticsWithoutAdIdSupport */ = {
			isa = XCSwiftPackageProductDependency;
			package = D3D6CBB02CFAB2DA0019CBA5 /* XCRemoteSwiftPackageReference "firebase-ios-sdk" */;
			productName = FirebaseAnalyticsWithoutAdIdSupport;
		};
		D3D6CBB72CFAB2DA0019CBA5 /* FirebaseAppCheck */ = {
			isa = XCSwiftPackageProductDependency;
			package = D3D6CBB02CFAB2DA0019CBA5 /* XCRemoteSwiftPackageReference "firebase-ios-sdk" */;
			productName = FirebaseAppCheck;
		};
		D3D6CBB92CFAB2DA0019CBA5 /* FirebaseAppDistribution-Beta */ = {
			isa = XCSwiftPackageProductDependency;
			package = D3D6CBB02CFAB2DA0019CBA5 /* XCRemoteSwiftPackageReference "firebase-ios-sdk" */;
			productName = "FirebaseAppDistribution-Beta";
		};
		D3D6CBBC2CFAB3AB0019CBA5 /* FirebaseAuth */ = {
			isa = XCSwiftPackageProductDependency;
			package = D3D6CBB02CFAB2DA0019CBA5 /* XCRemoteSwiftPackageReference "firebase-ios-sdk" */;
			productName = FirebaseAuth;
		};
		D3D6CBBE2CFAB3AB0019CBA5 /* FirebaseAuthCombine-Community */ = {
			isa = XCSwiftPackageProductDependency;
			package = D3D6CBB02CFAB2DA0019CBA5 /* XCRemoteSwiftPackageReference "firebase-ios-sdk" */;
			productName = "FirebaseAuthCombine-Community";
		};
		D3FADE262BF8478F00185477 /* Kingfisher */ = {
			isa = XCSwiftPackageProductDependency;
			package = D3FADE252BF8478F00185477 /* XCRemoteSwiftPackageReference "Kingfisher" */;
			productName = Kingfisher;
		};
/* End XCSwiftPackageProductDependency section */
	};
	rootObject = D3E2B6762AFB7E9D00C932E7 /* Project object */;
}
